
Microsoft Visual Studio Solution File, Format Version 12.00
# Visual Studio Version 17
VisualStudioVersion = 17.11.35312.102
MinimumVisualStudioVersion = 10.0.40219.1
Project("{FAE04EC0-301F-11D3-BF4B-00C04F79EFBC}") = "RabbitMQEmailQueueService", "RabbitMQEmailQueueService\RabbitMQEmailQueueService.csproj", "{1F273C8C-A873-46A3-AB3C-9FABFD3B2362}"
EndProject
Global
	GlobalSection(SolutionConfigurationPlatforms) = preSolution
		Debug|Any CPU = Debug|Any CPU
		Release|Any CPU = Release|Any CPU
	EndGlobalSection
	GlobalSection(ProjectConfigurationPlatforms) = postSolution
		{1F273C8C-A873-46A3-AB3C-9FABFD3B2362}.Debug|Any CPU.ActiveCfg = Debug|Any CPU
		{1F273C8C-A873-46A3-AB3C-9FABFD3B2362}.Debug|Any CPU.Build.0 = Debug|Any CPU
		{1F273C8C-A873-46A3-AB3C-9FABFD3B2362}.Release|Any CPU.ActiveCfg = Release|Any CPU
		{1F273C8C-A873-46A3-AB3C-9FABFD3B2362}.Release|Any CPU.Build.0 = Release|Any CPU
	EndGlobalSection
	GlobalSection(SolutionProperties) = preSolution
		HideSolutionNode = FALSE
	EndGlobalSection
	GlobalSection(ExtensibilityGlobals) = postSolution
		SolutionGuid = {BCC8E196-AA8F-436C-9BD9-81743411C8B6}
	EndGlobalSection
EndGlobal
